
Microsoft Visual Studio Solution File, Format Version 12.00
# Visual Studio Version 17
VisualStudioVersion = 17.9.34622.214
MinimumVisualStudioVersion = 10.0.40219.1
Project("{9A19103F-16F7-4668-BE54-9A1E7A4F7556}") = "ProplanetReplicationTool", "src\ProplanetReplicationTool.csproj", "{FC7F683E-8E99-41D0-8A1A-2E48EACAC6B0}"
EndProject
Project("{E53339B2-1760-4266-BCC7-CA923CBCF16C}") = "docker-compose", "docker\docker-compose.dcproj", "{685433CD-6E65-4272-82D1-775CF4C13D9A}"
EndProject
Global
	GlobalSection(SolutionConfigurationPlatforms) = preSolution
		Debug|Any CPU = Debug|Any CPU
		Release|Any CPU = Release|Any CPU
	EndGlobalSection
	GlobalSection(ProjectConfigurationPlatforms) = postSolution
		{FC7F683E-8E99-41D0-8A1A-2E48EACAC6B0}.Debug|Any CPU.ActiveCfg = Debug|Any CPU
		{FC7F683E-8E99-41D0-8A1A-2E48EACAC6B0}.Debug|Any CPU.Build.0 = Debug|Any CPU
		{FC7F683E-8E99-41D0-8A1A-2E48EACAC6B0}.Release|Any CPU.ActiveCfg = Release|Any CPU
		{FC7F683E-8E99-41D0-8A1A-2E48EACAC6B0}.Release|Any CPU.Build.0 = Release|Any CPU
		{685433CD-6E65-4272-82D1-775CF4C13D9A}.Debug|Any CPU.ActiveCfg = Debug|Any CPU
		{685433CD-6E65-4272-82D1-775CF4C13D9A}.Debug|Any CPU.Build.0 = Debug|Any CPU
		{685433CD-6E65-4272-82D1-775CF4C13D9A}.Release|Any CPU.ActiveCfg = Release|Any CPU
		{685433CD-6E65-4272-82D1-775CF4C13D9A}.Release|Any CPU.Build.0 = Release|Any CPU
	EndGlobalSection
	GlobalSection(SolutionProperties) = preSolution
		HideSolutionNode = FALSE
	EndGlobalSection
	GlobalSection(ExtensibilityGlobals) = postSolution
		SolutionGuid = {05E5FD40-B59B-4741-A9FD-366D6E873A1F}
	EndGlobalSection
EndGlobal
